$begin 'ConnectionParameters'
	DesktopProcessID=72432
	DesktopProcessPath='C:\\Program Files\\AnsysEM\\v232\\Win64\\ansysedt.exe'
	LaunchedByWB=false
	$begin 'DesktopStubBlock'
		$begin 'CommDetails'
			TransportType=1
			IPAddress='10.7.64.50'
			ListenPort='63594'
		$end 'CommDetails'
		$begin 'Marshall'
			InstanceID=503
			ProcID=72432
			InterfaceID=1
			FactoryIntID='DesktopInterfaceForWBProxyStubFactory'
		$end 'Marshall'
	$end 'DesktopStubBlock'
	$begin 'DesktopBackgroundObjStubBlock'
		$begin 'CommDetails'
			TransportType=1
			IPAddress='10.7.64.50'
			ListenPort='63594'
		$end 'CommDetails'
		$begin 'Marshall'
			InstanceID=505
			ProcID=72432
			InterfaceID=2
			FactoryIntID='DesktopInterfaceForWBProxyStubFactory'
		$end 'Marshall'
	$end 'DesktopBackgroundObjStubBlock'
$end 'ConnectionParameters'
